
Microsoft Visual Studio Solution File, Format Version 12.00
# Visual Studio 15
VisualStudioVersion = 15.0.27130.2020
MinimumVisualStudioVersion = 10.0.40219.1
Project("{FAE04EC0-301F-11D3-BF4B-00C04F79EFBC}") = "ElDorado.Console", "ElDorado\ElDorado.Console.csproj", "{0E3D0F5E-C657-4544-BBB0-DE1ABAEAFF1C}"
EndProject
Project("{FAE04EC0-301F-11D3-BF4B-00C04F79EFBC}") = "ElDorado.Console.Tests", "ElDorado.Console.Tests\ElDorado.Console.Tests.csproj", "{568DB9D0-7F06-4D45-962A-E526D28F4937}"
EndProject
Global
	GlobalSection(SolutionConfigurationPlatforms) = preSolution
		Debug|Any CPU = Debug|Any CPU
		Release|Any CPU = Release|Any CPU
	EndGlobalSection
	GlobalSection(ProjectConfigurationPlatforms) = postSolution
		{0E3D0F5E-C657-4544-BBB0-DE1ABAEAFF1C}.Debug|Any CPU.ActiveCfg = Debug|Any CPU
		{0E3D0F5E-C657-4544-BBB0-DE1ABAEAFF1C}.Debug|Any CPU.Build.0 = Debug|Any CPU
		{0E3D0F5E-C657-4544-BBB0-DE1ABAEAFF1C}.Release|Any CPU.ActiveCfg = Release|Any CPU
		{0E3D0F5E-C657-4544-BBB0-DE1ABAEAFF1C}.Release|Any CPU.Build.0 = Release|Any CPU
		{568DB9D0-7F06-4D45-962A-E526D28F4937}.Debug|Any CPU.ActiveCfg = Debug|Any CPU
		{568DB9D0-7F06-4D45-962A-E526D28F4937}.Debug|Any CPU.Build.0 = Debug|Any CPU
		{568DB9D0-7F06-4D45-962A-E526D28F4937}.Release|Any CPU.ActiveCfg = Release|Any CPU
		{568DB9D0-7F06-4D45-962A-E526D28F4937}.Release|Any CPU.Build.0 = Release|Any CPU
	EndGlobalSection
	GlobalSection(SolutionProperties) = preSolution
		HideSolutionNode = FALSE
	EndGlobalSection
	GlobalSection(ExtensibilityGlobals) = postSolution
		SolutionGuid = {02589778-E0D9-486C-9CEA-7A5748DAC923}
	EndGlobalSection
EndGlobal
